// !$*UTF8*$!
{
	archiveVersion = 1;
	classes = {
	};
	objectVersion = 55;
	objects = {

/* Begin PBXBuildFile section */
		02029EA1279E02FD00A29A07 /* NoteViewController.swift in Sources */ = {isa = PBXBuildFile; fileRef = 02029EA0279E02FD00A29A07 /* NoteViewController.swift */; };
		020572182793607B0001D702 /* CategoryViewController.swift in Sources */ = {isa = PBXBuildFile; fileRef = 020572172793607B0001D702 /* CategoryViewController.swift */; };
		02065E3A27A6A31E009184BC /* AddToCategoryViewController.swift in Sources */ = {isa = PBXBuildFile; fileRef = 02065E3927A6A31E009184BC /* AddToCategoryViewController.swift */; };
		02065E4027A6B0FA009184BC /* CategoryTableViewCell.swift in Sources */ = {isa = PBXBuildFile; fileRef = 02065E3E27A6B0FA009184BC /* CategoryTableViewCell.swift */; };
		020A52F0276B3C1700257A6C /* GoogleSignIn in Frameworks */ = {isa = PBXBuildFile; productRef = 020A52EF276B3C1700257A6C /* GoogleSignIn */; };
		0213407827662E1D002C2EBB /* LoginFormViewController.swift in Sources */ = {isa = PBXBuildFile; fileRef = 0213407727662E1D002C2EBB /* LoginFormViewController.swift */; };
		0215036227AB0A5E00086D5D /* CategoryActionDelegate.swift in Sources */ = {isa = PBXBuildFile; fileRef = 0215036127AB0A5E00086D5D /* CategoryActionDelegate.swift */; };
		0215036427AB0B0C00086D5D /* NoteActionDelegate.swift in Sources */ = {isa = PBXBuildFile; fileRef = 0215036327AB0B0C00086D5D /* NoteActionDelegate.swift */; };
		022E09AD279C869800484A94 /* GalleryViewController.swift in Sources */ = {isa = PBXBuildFile; fileRef = 022E09AC279C869800484A94 /* GalleryViewController.swift */; };
		0239B7492795F06A00CCEC2D /* RemindersChildHomeController.swift in Sources */ = {isa = PBXBuildFile; fileRef = 0239B7482795F06A00CCEC2D /* RemindersChildHomeController.swift */; };
		024EDCCB2764C8F900B73D98 /* AppDelegate.swift in Sources */ = {isa = PBXBuildFile; fileRef = 024EDCCA2764C8F900B73D98 /* AppDelegate.swift */; };
		024EDCCD2764C8F900B73D98 /* SceneDelegate.swift in Sources */ = {isa = PBXBuildFile; fileRef = 024EDCCC2764C8F900B73D98 /* SceneDelegate.swift */; };
		024EDCD22764C8F900B73D98 /* Main.storyboard in Resources */ = {isa = PBXBuildFile; fileRef = 024EDCD02764C8F900B73D98 /* Main.storyboard */; };
		024EDCD42764C8FB00B73D98 /* Assets.xcassets in Resources */ = {isa = PBXBuildFile; fileRef = 024EDCD32764C8FB00B73D98 /* Assets.xcassets */; };
		024EDCD72764C8FB00B73D98 /* LaunchScreen.storyboard in Resources */ = {isa = PBXBuildFile; fileRef = 024EDCD52764C8FB00B73D98 /* LaunchScreen.storyboard */; };
		024EDCDF2764C8FB00B73D98 /* GoogleService-Info.plist in Resources */ = {isa = PBXBuildFile; fileRef = 024EDCDE2764C8FB00B73D98 /* GoogleService-Info.plist */; };
		024EDCE22764C8FB00B73D98 /* FirebaseAnalytics in Frameworks */ = {isa = PBXBuildFile; productRef = 024EDCE12764C8FB00B73D98 /* FirebaseAnalytics */; };
		024EDCE42764C8FB00B73D98 /* FirebaseAnalyticsSwift-Beta in Frameworks */ = {isa = PBXBuildFile; productRef = 024EDCE32764C8FB00B73D98 /* FirebaseAnalyticsSwift-Beta */; };
		024EDCE62764C8FB00B73D98 /* FirebaseAnalyticsWithoutAdIdSupport in Frameworks */ = {isa = PBXBuildFile; productRef = 024EDCE52764C8FB00B73D98 /* FirebaseAnalyticsWithoutAdIdSupport */; };
		024EDCE82764C8FB00B73D98 /* FirebaseAppCheck in Frameworks */ = {isa = PBXBuildFile; productRef = 024EDCE72764C8FB00B73D98 /* FirebaseAppCheck */; };
		024EDCEA2764C8FB00B73D98 /* FirebaseAppDistribution-Beta in Frameworks */ = {isa = PBXBuildFile; productRef = 024EDCE92764C8FB00B73D98 /* FirebaseAppDistribution-Beta */; };
		024EDCEC2764C8FB00B73D98 /* FirebaseAuth in Frameworks */ = {isa = PBXBuildFile; productRef = 024EDCEB2764C8FB00B73D98 /* FirebaseAuth */; };
		024EDCEE2764C8FB00B73D98 /* FirebaseAuthCombine-Community in Frameworks */ = {isa = PBXBuildFile; productRef = 024EDCED2764C8FB00B73D98 /* FirebaseAuthCombine-Community */; };
		024EDCF02764C8FB00B73D98 /* FirebaseCrashlytics in Frameworks */ = {isa = PBXBuildFile; productRef = 024EDCEF2764C8FB00B73D98 /* FirebaseCrashlytics */; };
		024EDCF22764C8FB00B73D98 /* FirebaseDatabase in Frameworks */ = {isa = PBXBuildFile; productRef = 024EDCF12764C8FB00B73D98 /* FirebaseDatabase */; };
		024EDCF42764C8FB00B73D98 /* FirebaseDatabaseSwift-Beta in Frameworks */ = {isa = PBXBuildFile; productRef = 024EDCF32764C8FB00B73D98 /* FirebaseDatabaseSwift-Beta */; };
		024EDCF62764C8FB00B73D98 /* FirebaseDynamicLinks in Frameworks */ = {isa = PBXBuildFile; productRef = 024EDCF52764C8FB00B73D98 /* FirebaseDynamicLinks */; };
		024EDCF82764C8FB00B73D98 /* FirebaseFirestore in Frameworks */ = {isa = PBXBuildFile; productRef = 024EDCF72764C8FB00B73D98 /* FirebaseFirestore */; };
		024EDCFA2764C8FB00B73D98 /* FirebaseFirestoreCombine-Community in Frameworks */ = {isa = PBXBuildFile; productRef = 024EDCF92764C8FB00B73D98 /* FirebaseFirestoreCombine-Community */; };
		024EDCFC2764C8FB00B73D98 /* FirebaseFirestoreSwift-Beta in Frameworks */ = {isa = PBXBuildFile; productRef = 024EDCFB2764C8FB00B73D98 /* FirebaseFirestoreSwift-Beta */; };
		024EDCFE2764C8FB00B73D98 /* FirebaseFunctions in Frameworks */ = {isa = PBXBuildFile; productRef = 024EDCFD2764C8FB00B73D98 /* FirebaseFunctions */; };
		024EDD002764C8FB00B73D98 /* FirebaseFunctionsCombine-Community in Frameworks */ = {isa = PBXBuildFile; productRef = 024EDCFF2764C8FB00B73D98 /* FirebaseFunctionsCombine-Community */; };
		024EDD022764C8FB00B73D98 /* FirebaseInAppMessaging-Beta in Frameworks */ = {isa = PBXBuildFile; productRef = 024EDD012764C8FB00B73D98 /* FirebaseInAppMessaging-Beta */; };
		024EDD042764C8FB00B73D98 /* FirebaseInAppMessagingSwift-Beta in Frameworks */ = {isa = PBXBuildFile; productRef = 024EDD032764C8FB00B73D98 /* FirebaseInAppMessagingSwift-Beta */; };
		024EDD062764C8FB00B73D98 /* FirebaseInstallations in Frameworks */ = {isa = PBXBuildFile; productRef = 024EDD052764C8FB00B73D98 /* FirebaseInstallations */; };
		024EDD082764C8FB00B73D98 /* FirebaseMLModelDownloader in Frameworks */ = {isa = PBXBuildFile; productRef = 024EDD072764C8FB00B73D98 /* FirebaseMLModelDownloader */; };
		024EDD0A2764C8FB00B73D98 /* FirebaseMessaging in Frameworks */ = {isa = PBXBuildFile; productRef = 024EDD092764C8FB00B73D98 /* FirebaseMessaging */; };
		024EDD0C2764C8FB00B73D98 /* FirebasePerformance in Frameworks */ = {isa = PBXBuildFile; productRef = 024EDD0B2764C8FB00B73D98 /* FirebasePerformance */; };
		024EDD0E2764C8FB00B73D98 /* FirebaseRemoteConfig in Frameworks */ = {isa = PBXBuildFile; productRef = 024EDD0D2764C8FB00B73D98 /* FirebaseRemoteConfig */; };
		024EDD102764C8FB00B73D98 /* FirebaseStorage in Frameworks */ = {isa = PBXBuildFile; productRef = 024EDD0F2764C8FB00B73D98 /* FirebaseStorage */; };
		024EDD122764C8FB00B73D98 /* FirebaseStorageCombine-Community in Frameworks */ = {isa = PBXBuildFile; productRef = 024EDD112764C8FB00B73D98 /* FirebaseStorageCombine-Community */; };
		024EDD142764C8FB00B73D98 /* FirebaseStorageSwift-Beta in Frameworks */ = {isa = PBXBuildFile; productRef = 024EDD132764C8FB00B73D98 /* FirebaseStorageSwift-Beta */; };
		026E229C27690C83001B0ACD /* HomeViewController.swift in Sources */ = {isa = PBXBuildFile; fileRef = 026E229B27690C83001B0ACD /* HomeViewController.swift */; };
		027DEF48279D75CF0062AA08 /* CreateCategoryViewController.swift in Sources */ = {isa = PBXBuildFile; fileRef = 027DEF47279D75CF0062AA08 /* CreateCategoryViewController.swift */; };
		029847CC27A170970046B90F /* Note.swift in Sources */ = {isa = PBXBuildFile; fileRef = 029847CB27A170970046B90F /* Note.swift */; };
		029847CF27A171CF0046B90F /* RealmHandler.swift in Sources */ = {isa = PBXBuildFile; fileRef = 029847CE27A171CF0046B90F /* RealmHandler.swift */; };
		0298891827A93F8E0083E959 /* CreateReminderViewController.swift in Sources */ = {isa = PBXBuildFile; fileRef = 0298891727A93F8E0083E959 /* CreateReminderViewController.swift */; };
		02C0202527957C2800AEA028 /* OverviewChildHomeController.swift in Sources */ = {isa = PBXBuildFile; fileRef = 02C0202427957C2700AEA028 /* OverviewChildHomeController.swift */; };
		02C5BA7E279F06E70091DDD4 /* Category.swift in Sources */ = {isa = PBXBuildFile; fileRef = 02C5BA7D279F06E70091DDD4 /* Category.swift */; };
		02C5BA81279F26630091DDD4 /* RealmSwift in Frameworks */ = {isa = PBXBuildFile; productRef = 02C5BA80279F26630091DDD4 /* RealmSwift */; };
/* End PBXBuildFile section */

/* Begin PBXFileReference section */
		02029EA0279E02FD00A29A07 /* NoteViewController.swift */ = {isa = PBXFileReference; lastKnownFileType = sourcecode.swift; path = NoteViewController.swift; sourceTree = "<group>"; };
		020572172793607B0001D702 /* CategoryViewController.swift */ = {isa = PBXFileReference; lastKnownFileType = sourcecode.swift; path = CategoryViewController.swift; sourceTree = "<group>"; };
		02065E3927A6A31E009184BC /* AddToCategoryViewController.swift */ = {isa = PBXFileReference; lastKnownFileType = sourcecode.swift; path = AddToCategoryViewController.swift; sourceTree = "<group>"; };
		02065E3E27A6B0FA009184BC /* CategoryTableViewCell.swift */ = {isa = PBXFileReference; lastKnownFileType = sourcecode.swift; path = CategoryTableViewCell.swift; sourceTree = "<group>"; };
		0213407727662E1D002C2EBB /* LoginFormViewController.swift */ = {isa = PBXFileReference; lastKnownFileType = sourcecode.swift; path = LoginFormViewController.swift; sourceTree = "<group>"; };
		0215036127AB0A5E00086D5D /* CategoryActionDelegate.swift */ = {isa = PBXFileReference; lastKnownFileType = sourcecode.swift; path = CategoryActionDelegate.swift; sourceTree = "<group>"; };
		0215036327AB0B0C00086D5D /* NoteActionDelegate.swift */ = {isa = PBXFileReference; lastKnownFileType = sourcecode.swift; path = NoteActionDelegate.swift; sourceTree = "<group>"; };
		022E09AC279C869800484A94 /* GalleryViewController.swift */ = {isa = PBXFileReference; lastKnownFileType = sourcecode.swift; path = GalleryViewController.swift; sourceTree = "<group>"; };
		0239B7482795F06A00CCEC2D /* RemindersChildHomeController.swift */ = {isa = PBXFileReference; lastKnownFileType = sourcecode.swift; path = RemindersChildHomeController.swift; sourceTree = "<group>"; };
		024EDCC72764C8F900B73D98 /* TaskManagerApplication.app */ = {isa = PBXFileReference; explicitFileType = wrapper.application; includeInIndex = 0; path = TaskManagerApplication.app; sourceTree = BUILT_PRODUCTS_DIR; };
		024EDCCA2764C8F900B73D98 /* AppDelegate.swift */ = {isa = PBXFileReference; lastKnownFileType = sourcecode.swift; path = AppDelegate.swift; sourceTree = "<group>"; };
		024EDCCC2764C8F900B73D98 /* SceneDelegate.swift */ = {isa = PBXFileReference; lastKnownFileType = sourcecode.swift; path = SceneDelegate.swift; sourceTree = "<group>"; };
		024EDCD12764C8F900B73D98 /* Base */ = {isa = PBXFileReference; lastKnownFileType = file.storyboard; name = Base; path = Base.lproj/Main.storyboard; sourceTree = "<group>"; };
		024EDCD32764C8FB00B73D98 /* Assets.xcassets */ = {isa = PBXFileReference; lastKnownFileType = folder.assetcatalog; path = Assets.xcassets; sourceTree = "<group>"; };
		024EDCD62764C8FB00B73D98 /* Base */ = {isa = PBXFileReference; lastKnownFileType = file.storyboard; name = Base; path = Base.lproj/LaunchScreen.storyboard; sourceTree = "<group>"; };
		024EDCD82764C8FB00B73D98 /* Info.plist */ = {isa = PBXFileReference; lastKnownFileType = text.plist.xml; path = Info.plist; sourceTree = "<group>"; };
		024EDCDE2764C8FB00B73D98 /* GoogleService-Info.plist */ = {isa = PBXFileReference; fileEncoding = 4; lastKnownFileType = text.plist.xml; path = "GoogleService-Info.plist"; sourceTree = "<group>"; };
		026E229B27690C83001B0ACD /* HomeViewController.swift */ = {isa = PBXFileReference; lastKnownFileType = sourcecode.swift; path = HomeViewController.swift; sourceTree = "<group>"; };
		027DEF47279D75CF0062AA08 /* CreateCategoryViewController.swift */ = {isa = PBXFileReference; lastKnownFileType = sourcecode.swift; path = CreateCategoryViewController.swift; sourceTree = "<group>"; };
		029847CB27A170970046B90F /* Note.swift */ = {isa = PBXFileReference; lastKnownFileType = sourcecode.swift; path = Note.swift; sourceTree = "<group>"; };
		029847CE27A171CF0046B90F /* RealmHandler.swift */ = {isa = PBXFileReference; lastKnownFileType = sourcecode.swift; path = RealmHandler.swift; sourceTree = "<group>"; };
		0298891727A93F8E0083E959 /* CreateReminderViewController.swift */ = {isa = PBXFileReference; lastKnownFileType = sourcecode.swift; path = CreateReminderViewController.swift; sourceTree = "<group>"; };
		02C0202427957C2700AEA028 /* OverviewChildHomeController.swift */ = {isa = PBXFileReference; lastKnownFileType = sourcecode.swift; path = OverviewChildHomeController.swift; sourceTree = "<group>"; };
		02C5BA7D279F06E70091DDD4 /* Category.swift */ = {isa = PBXFileReference; lastKnownFileType = sourcecode.swift; path = Category.swift; sourceTree = "<group>"; };
/* End PBXFileReference section */

/* Begin PBXFrameworksBuildPhase section */
		024EDCC42764C8F900B73D98 /* Frameworks */ = {
			isa = PBXFrameworksBuildPhase;
			buildActionMask = 2147483647;
			files = (
				024EDD0C2764C8FB00B73D98 /* FirebasePerformance in Frameworks */,
				024EDCFA2764C8FB00B73D98 /* FirebaseFirestoreCombine-Community in Frameworks */,
				024EDCF42764C8FB00B73D98 /* FirebaseDatabaseSwift-Beta in Frameworks */,
				024EDCF62764C8FB00B73D98 /* FirebaseDynamicLinks in Frameworks */,
				024EDCE82764C8FB00B73D98 /* FirebaseAppCheck in Frameworks */,
				024EDD102764C8FB00B73D98 /* FirebaseStorage in Frameworks */,
				024EDCEC2764C8FB00B73D98 /* FirebaseAuth in Frameworks */,
				024EDD142764C8FB00B73D98 /* FirebaseStorageSwift-Beta in Frameworks */,
				024EDD022764C8FB00B73D98 /* FirebaseInAppMessaging-Beta in Frameworks */,
				024EDCE42764C8FB00B73D98 /* FirebaseAnalyticsSwift-Beta in Frameworks */,
				024EDD082764C8FB00B73D98 /* FirebaseMLModelDownloader in Frameworks */,
				024EDCF82764C8FB00B73D98 /* FirebaseFirestore in Frameworks */,
				024EDD0A2764C8FB00B73D98 /* FirebaseMessaging in Frameworks */,
				024EDD062764C8FB00B73D98 /* FirebaseInstallations in Frameworks */,
				024EDD002764C8FB00B73D98 /* FirebaseFunctionsCombine-Community in Frameworks */,
				024EDCEA2764C8FB00B73D98 /* FirebaseAppDistribution-Beta in Frameworks */,
				02C5BA81279F26630091DDD4 /* RealmSwift in Frameworks */,
				024EDCE62764C8FB00B73D98 /* FirebaseAnalyticsWithoutAdIdSupport in Frameworks */,
				024EDCFC2764C8FB00B73D98 /* FirebaseFirestoreSwift-Beta in Frameworks */,
				024EDCF02764C8FB00B73D98 /* FirebaseCrashlytics in Frameworks */,
				024EDCF22764C8FB00B73D98 /* FirebaseDatabase in Frameworks */,
				024EDD0E2764C8FB00B73D98 /* FirebaseRemoteConfig in Frameworks */,
				024EDCFE2764C8FB00B73D98 /* FirebaseFunctions in Frameworks */,
				024EDCEE2764C8FB00B73D98 /* FirebaseAuthCombine-Community in Frameworks */,
				024EDD122764C8FB00B73D98 /* FirebaseStorageCombine-Community in Frameworks */,
				024EDD042764C8FB00B73D98 /* FirebaseInAppMessagingSwift-Beta in Frameworks */,
				024EDCE22764C8FB00B73D98 /* FirebaseAnalytics in Frameworks */,
				020A52F0276B3C1700257A6C /* GoogleSignIn in Frameworks */,
			);
			runOnlyForDeploymentPostprocessing = 0;
		};
/* End PBXFrameworksBuildPhase section */

/* Begin PBXGroup section */
		02065E3D27A6B0DF009184BC /* TableViewCells */ = {
			isa = PBXGroup;
			children = (
				02065E3E27A6B0FA009184BC /* CategoryTableViewCell.swift */,
			);
			path = TableViewCells;
			sourceTree = "<group>";
		};
		0215036027AB0A2800086D5D /* Protocols */ = {
			isa = PBXGroup;
			children = (
				0215036127AB0A5E00086D5D /* CategoryActionDelegate.swift */,
				0215036327AB0B0C00086D5D /* NoteActionDelegate.swift */,
			);
			path = Protocols;
			sourceTree = "<group>";
		};
		024EDCBE2764C8F900B73D98 = {
			isa = PBXGroup;
			children = (
				024EDCC92764C8F900B73D98 /* TaskManagerApplication */,
				024EDCC82764C8F900B73D98 /* Products */,
			);
			sourceTree = "<group>";
		};
		024EDCC82764C8F900B73D98 /* Products */ = {
			isa = PBXGroup;
			children = (
				024EDCC72764C8F900B73D98 /* TaskManagerApplication.app */,
			);
			name = Products;
			sourceTree = "<group>";
		};
		024EDCC92764C8F900B73D98 /* TaskManagerApplication */ = {
			isa = PBXGroup;
			children = (
				0215036027AB0A2800086D5D /* Protocols */,
				02065E3D27A6B0DF009184BC /* TableViewCells */,
				029847CD27A171B80046B90F /* Databases */,
				02C5BA7C279F06CE0091DDD4 /* Models */,
				024EDD1727650E0C00B73D98 /* Views */,
				024EDCCA2764C8F900B73D98 /* AppDelegate.swift */,
				024EDCCC2764C8F900B73D98 /* SceneDelegate.swift */,
				024EDCD02764C8F900B73D98 /* Main.storyboard */,
				024EDCD32764C8FB00B73D98 /* Assets.xcassets */,
				024EDCD52764C8FB00B73D98 /* LaunchScreen.storyboard */,
				024EDCD82764C8FB00B73D98 /* Info.plist */,
				024EDCDE2764C8FB00B73D98 /* GoogleService-Info.plist */,
			);
			path = TaskManagerApplication;
			sourceTree = "<group>";
		};
		024EDD1727650E0C00B73D98 /* Views */ = {
			isa = PBXGroup;
			children = (
				0213407727662E1D002C2EBB /* LoginFormViewController.swift */,
				026E229B27690C83001B0ACD /* HomeViewController.swift */,
				020572172793607B0001D702 /* CategoryViewController.swift */,
				02C0202427957C2700AEA028 /* OverviewChildHomeController.swift */,
				0239B7482795F06A00CCEC2D /* RemindersChildHomeController.swift */,
				022E09AC279C869800484A94 /* GalleryViewController.swift */,
				027DEF47279D75CF0062AA08 /* CreateCategoryViewController.swift */,
				02029EA0279E02FD00A29A07 /* NoteViewController.swift */,
				02065E3927A6A31E009184BC /* AddToCategoryViewController.swift */,
				0298891727A93F8E0083E959 /* CreateReminderViewController.swift */,
			);
			path = Views;
			sourceTree = "<group>";
		};
		029847CD27A171B80046B90F /* Databases */ = {
			isa = PBXGroup;
			children = (
				029847CE27A171CF0046B90F /* RealmHandler.swift */,
			);
			path = Databases;
			sourceTree = "<group>";
		};
		02C5BA7C279F06CE0091DDD4 /* Models */ = {
			isa = PBXGroup;
			children = (
				02C5BA7D279F06E70091DDD4 /* Category.swift */,
				029847CB27A170970046B90F /* Note.swift */,
			);
			path = Models;
			sourceTree = "<group>";
		};
/* End PBXGroup section */

/* Begin PBXNativeTarget section */
		024EDCC62764C8F900B73D98 /* TaskManagerApplication */ = {
			isa = PBXNativeTarget;
			buildConfigurationList = 024EDCDB2764C8FB00B73D98 /* Build configuration list for PBXNativeTarget "TaskManagerApplication" */;
			buildPhases = (
				024EDCC32764C8F900B73D98 /* Sources */,
				024EDCC42764C8F900B73D98 /* Frameworks */,
				024EDCC52764C8F900B73D98 /* Resources */,
			);
			buildRules = (
			);
			dependencies = (
			);
			name = TaskManagerApplication;
			packageProductDependencies = (
				024EDCE12764C8FB00B73D98 /* FirebaseAnalytics */,
				024EDCE32764C8FB00B73D98 /* FirebaseAnalyticsSwift-Beta */,
				024EDCE52764C8FB00B73D98 /* FirebaseAnalyticsWithoutAdIdSupport */,
				024EDCE72764C8FB00B73D98 /* FirebaseAppCheck */,
				024EDCE92764C8FB00B73D98 /* FirebaseAppDistribution-Beta */,
				024EDCEB2764C8FB00B73D98 /* FirebaseAuth */,
				024EDCED2764C8FB00B73D98 /* FirebaseAuthCombine-Community */,
				024EDCEF2764C8FB00B73D98 /* FirebaseCrashlytics */,
				024EDCF12764C8FB00B73D98 /* FirebaseDatabase */,
				024EDCF32764C8FB00B73D98 /* FirebaseDatabaseSwift-Beta */,
				024EDCF52764C8FB00B73D98 /* FirebaseDynamicLinks */,
				024EDCF72764C8FB00B73D98 /* FirebaseFirestore */,
				024EDCF92764C8FB00B73D98 /* FirebaseFirestoreCombine-Community */,
				024EDCFB2764C8FB00B73D98 /* FirebaseFirestoreSwift-Beta */,
				024EDCFD2764C8FB00B73D98 /* FirebaseFunctions */,
				024EDCFF2764C8FB00B73D98 /* FirebaseFunctionsCombine-Community */,
				024EDD012764C8FB00B73D98 /* FirebaseInAppMessaging-Beta */,
				024EDD032764C8FB00B73D98 /* FirebaseInAppMessagingSwift-Beta */,
				024EDD052764C8FB00B73D98 /* FirebaseInstallations */,
				024EDD072764C8FB00B73D98 /* FirebaseMLModelDownloader */,
				024EDD092764C8FB00B73D98 /* FirebaseMessaging */,
				024EDD0B2764C8FB00B73D98 /* FirebasePerformance */,
				024EDD0D2764C8FB00B73D98 /* FirebaseRemoteConfig */,
				024EDD0F2764C8FB00B73D98 /* FirebaseStorage */,
				024EDD112764C8FB00B73D98 /* FirebaseStorageCombine-Community */,
				024EDD132764C8FB00B73D98 /* FirebaseStorageSwift-Beta */,
				020A52EF276B3C1700257A6C /* GoogleSignIn */,
				02C5BA80279F26630091DDD4 /* RealmSwift */,
			);
			productName = TaskManagerApplication;
			productReference = 024EDCC72764C8F900B73D98 /* TaskManagerApplication.app */;
			productType = "com.apple.product-type.application";
		};
/* End PBXNativeTarget section */

/* Begin PBXProject section */
		024EDCBF2764C8F900B73D98 /* Project object */ = {
			isa = PBXProject;
			attributes = {
				BuildIndependentTargetsInParallel = 1;
				LastSwiftUpdateCheck = 1310;
				LastUpgradeCheck = 1310;
				TargetAttributes = {
					024EDCC62764C8F900B73D98 = {
						CreatedOnToolsVersion = 13.1;
					};
				};
			};
			buildConfigurationList = 024EDCC22764C8F900B73D98 /* Build configuration list for PBXProject "TaskManagerApplication" */;
			compatibilityVersion = "Xcode 13.0";
			developmentRegion = en;
			hasScannedForEncodings = 0;
			knownRegions = (
				en,
				Base,
			);
			mainGroup = 024EDCBE2764C8F900B73D98;
			packageReferences = (
				024EDCE02764C8FB00B73D98 /* XCRemoteSwiftPackageReference "firebase-ios-sdk" */,
				020A52EE276B3C1700257A6C /* XCRemoteSwiftPackageReference "GoogleSignIn-iOS" */,
				02C5BA7F279F26620091DDD4 /* XCRemoteSwiftPackageReference "realm-swift" */,
			);
			productRefGroup = 024EDCC82764C8F900B73D98 /* Products */;
			projectDirPath = "";
			projectRoot = "";
			targets = (
				024EDCC62764C8F900B73D98 /* TaskManagerApplication */,
			);
		};
/* End PBXProject section */

/* Begin PBXResourcesBuildPhase section */
		024EDCC52764C8F900B73D98 /* Resources */ = {
			isa = PBXResourcesBuildPhase;
			buildActionMask = 2147483647;
			files = (
				024EDCD72764C8FB00B73D98 /* LaunchScreen.storyboard in Resources */,
				024EDCDF2764C8FB00B73D98 /* GoogleService-Info.plist in Resources */,
				024EDCD42764C8FB00B73D98 /* Assets.xcassets in Resources */,
				024EDCD22764C8F900B73D98 /* Main.storyboard in Resources */,
			);
			runOnlyForDeploymentPostprocessing = 0;
		};
/* End PBXResourcesBuildPhase section */

/* Begin PBXSourcesBuildPhase section */
		024EDCC32764C8F900B73D98 /* Sources */ = {
			isa = PBXSourcesBuildPhase;
			buildActionMask = 2147483647;
			files = (
				0239B7492795F06A00CCEC2D /* RemindersChildHomeController.swift in Sources */,
				020572182793607B0001D702 /* CategoryViewController.swift in Sources */,
				024EDCCB2764C8F900B73D98 /* AppDelegate.swift in Sources */,
				02C0202527957C2800AEA028 /* OverviewChildHomeController.swift in Sources */,
				026E229C27690C83001B0ACD /* HomeViewController.swift in Sources */,
				02065E4027A6B0FA009184BC /* CategoryTableViewCell.swift in Sources */,
				022E09AD279C869800484A94 /* GalleryViewController.swift in Sources */,
				0215036227AB0A5E00086D5D /* CategoryActionDelegate.swift in Sources */,
				029847CF27A171CF0046B90F /* RealmHandler.swift in Sources */,
				027DEF48279D75CF0062AA08 /* CreateCategoryViewController.swift in Sources */,
				0213407827662E1D002C2EBB /* LoginFormViewController.swift in Sources */,
				02029EA1279E02FD00A29A07 /* NoteViewController.swift in Sources */,
				024EDCCD2764C8F900B73D98 /* SceneDelegate.swift in Sources */,
				02065E3A27A6A31E009184BC /* AddToCategoryViewController.swift in Sources */,
				0215036427AB0B0C00086D5D /* NoteActionDelegate.swift in Sources */,
				02C5BA7E279F06E70091DDD4 /* Category.swift in Sources */,
				0298891827A93F8E0083E959 /* CreateReminderViewController.swift in Sources */,
				029847CC27A170970046B90F /* Note.swift in Sources */,
			);
			runOnlyForDeploymentPostprocessing = 0;
		};
/* End PBXSourcesBuildPhase section */

/* Begin PBXVariantGroup section */
		024EDCD02764C8F900B73D98 /* Main.storyboard */ = {
			isa = PBXVariantGroup;
			children = (
				024EDCD12764C8F900B73D98 /* Base */,
			);
			name = Main.storyboard;
			sourceTree = "<group>";
		};
		024EDCD52764C8FB00B73D98 /* LaunchScreen.storyboard */ = {
			isa = PBXVariantGroup;
			children = (
				024EDCD62764C8FB00B73D98 /* Base */,
			);
			name = LaunchScreen.storyboard;
			sourceTree = "<group>";
		};
/* End PBXVariantGroup section */

/* Begin XCBuildConfiguration section */
		024EDCD92764C8FB00B73D98 /* Debug */ = {
			isa = XCBuildConfiguration;
			buildSettings = {
				ALWAYS_SEARCH_USER_PATHS = NO;
				CLANG_ANALYZER_NONNULL = YES;
				CLANG_ANALYZER_NUMBER_OBJECT_CONVERSION = YES_AGGRESSIVE;
				CLANG_CXX_LANGUAGE_STANDARD = "gnu++17";
				CLANG_CXX_LIBRARY = "libc++";
				CLANG_ENABLE_MODULES = YES;
				CLANG_ENABLE_OBJC_ARC = YES;
				CLANG_ENABLE_OBJC_WEAK = YES;
				CLANG_WARN_BLOCK_CAPTURE_AUTORELEASING = YES;
				CLANG_WARN_BOOL_CONVERSION = YES;
				CLANG_WARN_COMMA = YES;
				CLANG_WARN_CONSTANT_CONVERSION = YES;
				CLANG_WARN_DEPRECATED_OBJC_IMPLEMENTATIONS = YES;
				CLANG_WARN_DIRECT_OBJC_ISA_USAGE = YES_ERROR;
				CLANG_WARN_DOCUMENTATION_COMMENTS = YES;
				CLANG_WARN_EMPTY_BODY = YES;
				CLANG_WARN_ENUM_CONVERSION = YES;
				CLANG_WARN_INFINITE_RECURSION = YES;
				CLANG_WARN_INT_CONVERSION = YES;
				CLANG_WARN_NON_LITERAL_NULL_CONVERSION = YES;
				CLANG_WARN_OBJC_IMPLICIT_RETAIN_SELF = YES;
				CLANG_WARN_OBJC_LITERAL_CONVERSION = YES;
				CLANG_WARN_OBJC_ROOT_CLASS = YES_ERROR;
				CLANG_WARN_QUOTED_INCLUDE_IN_FRAMEWORK_HEADER = YES;
				CLANG_WARN_RANGE_LOOP_ANALYSIS = YES;
				CLANG_WARN_STRICT_PROTOTYPES = YES;
				CLANG_WARN_SUSPICIOUS_MOVE = YES;
				CLANG_WARN_UNGUARDED_AVAILABILITY = YES_AGGRESSIVE;
				CLANG_WARN_UNREACHABLE_CODE = YES;
				CLANG_WARN__DUPLICATE_METHOD_MATCH = YES;
				COPY_PHASE_STRIP = NO;
				DEBUG_INFORMATION_FORMAT = dwarf;
				ENABLE_STRICT_OBJC_MSGSEND = YES;
				ENABLE_TESTABILITY = YES;
				GCC_C_LANGUAGE_STANDARD = gnu11;
				GCC_DYNAMIC_NO_PIC = NO;
				GCC_NO_COMMON_BLOCKS = YES;
				GCC_OPTIMIZATION_LEVEL = 0;
				GCC_PREPROCESSOR_DEFINITIONS = (
					"DEBUG=1",
					"$(inherited)",
				);
				GCC_WARN_64_TO_32_BIT_CONVERSION = YES;
				GCC_WARN_ABOUT_RETURN_TYPE = YES_ERROR;
				GCC_WARN_UNDECLARED_SELECTOR = YES;
				GCC_WARN_UNINITIALIZED_AUTOS = YES_AGGRESSIVE;
				GCC_WARN_UNUSED_FUNCTION = YES;
				GCC_WARN_UNUSED_VARIABLE = YES;
				IPHONEOS_DEPLOYMENT_TARGET = 15.0;
				MTL_ENABLE_DEBUG_INFO = INCLUDE_SOURCE;
				MTL_FAST_MATH = YES;
				ONLY_ACTIVE_ARCH = YES;
				SDKROOT = iphoneos;
				SWIFT_ACTIVE_COMPILATION_CONDITIONS = DEBUG;
				SWIFT_OPTIMIZATION_LEVEL = "-Onone";
			};
			name = Debug;
		};
		024EDCDA2764C8FB00B73D98 /* Release */ = {
			isa = XCBuildConfiguration;
			buildSettings = {
				ALWAYS_SEARCH_USER_PATHS = NO;
				CLANG_ANALYZER_NONNULL = YES;
				CLANG_ANALYZER_NUMBER_OBJECT_CONVERSION = YES_AGGRESSIVE;
				CLANG_CXX_LANGUAGE_STANDARD = "gnu++17";
				CLANG_CXX_LIBRARY = "libc++";
				CLANG_ENABLE_MODULES = YES;
				CLANG_ENABLE_OBJC_ARC = YES;
				CLANG_ENABLE_OBJC_WEAK = YES;
				CLANG_WARN_BLOCK_CAPTURE_AUTORELEASING = YES;
				CLANG_WARN_BOOL_CONVERSION = YES;
				CLANG_WARN_COMMA = YES;
				CLANG_WARN_CONSTANT_CONVERSION = YES;
				CLANG_WARN_DEPRECATED_OBJC_IMPLEMENTATIONS = YES;
				CLANG_WARN_DIRECT_OBJC_ISA_USAGE = YES_ERROR;
				CLANG_WARN_DOCUMENTATION_COMMENTS = YES;
				CLANG_WARN_EMPTY_BODY = YES;
				CLANG_WARN_ENUM_CONVERSION = YES;
				CLANG_WARN_INFINITE_RECURSION = YES;
				CLANG_WARN_INT_CONVERSION = YES;
				CLANG_WARN_NON_LITERAL_NULL_CONVERSION = YES;
				CLANG_WARN_OBJC_IMPLICIT_RETAIN_SELF = YES;
				CLANG_WARN_OBJC_LITERAL_CONVERSION = YES;
				CLANG_WARN_OBJC_ROOT_CLASS = YES_ERROR;
				CLANG_WARN_QUOTED_INCLUDE_IN_FRAMEWORK_HEADER = YES;
				CLANG_WARN_RANGE_LOOP_ANALYSIS = YES;
				CLANG_WARN_STRICT_PROTOTYPES = YES;
				CLANG_WARN_SUSPICIOUS_MOVE = YES;
				CLANG_WARN_UNGUARDED_AVAILABILITY = YES_AGGRESSIVE;
				CLANG_WARN_UNREACHABLE_CODE = YES;
				CLANG_WARN__DUPLICATE_METHOD_MATCH = YES;
				COPY_PHASE_STRIP = NO;
				DEBUG_INFORMATION_FORMAT = "dwarf-with-dsym";
				ENABLE_NS_ASSERTIONS = NO;
				ENABLE_STRICT_OBJC_MSGSEND = YES;
				GCC_C_LANGUAGE_STANDARD = gnu11;
				GCC_NO_COMMON_BLOCKS = YES;
				GCC_WARN_64_TO_32_BIT_CONVERSION = YES;
				GCC_WARN_ABOUT_RETURN_TYPE = YES_ERROR;
				GCC_WARN_UNDECLARED_SELECTOR = YES;
				GCC_WARN_UNINITIALIZED_AUTOS = YES_AGGRESSIVE;
				GCC_WARN_UNUSED_FUNCTION = YES;
				GCC_WARN_UNUSED_VARIABLE = YES;
				IPHONEOS_DEPLOYMENT_TARGET = 15.0;
				MTL_ENABLE_DEBUG_INFO = NO;
				MTL_FAST_MATH = YES;
				SDKROOT = iphoneos;
				SWIFT_COMPILATION_MODE = wholemodule;
				SWIFT_OPTIMIZATION_LEVEL = "-O";
				VALIDATE_PRODUCT = YES;
			};
			name = Release;
		};
		024EDCDC2764C8FB00B73D98 /* Debug */ = {
			isa = XCBuildConfiguration;
			buildSettings = {
				ASSETCATALOG_COMPILER_APPICON_NAME = AppIcon;
				ASSETCATALOG_COMPILER_GLOBAL_ACCENT_COLOR_NAME = AccentColor;
				CODE_SIGN_STYLE = Automatic;
				CURRENT_PROJECT_VERSION = 1;
				DEVELOPMENT_TEAM = 49GAB9URB7;
				GENERATE_INFOPLIST_FILE = YES;
				INFOPLIST_FILE = TaskManagerApplication/Info.plist;
				INFOPLIST_KEY_UIApplicationSupportsIndirectInputEvents = YES;
				INFOPLIST_KEY_UILaunchStoryboardName = LaunchScreen;
				INFOPLIST_KEY_UIMainStoryboardFile = Main;
				INFOPLIST_KEY_UIRequiresFullScreen = NO;
				INFOPLIST_KEY_UISupportedInterfaceOrientations = UIInterfaceOrientationPortrait;
				INFOPLIST_KEY_UISupportedInterfaceOrientations_iPad = "UIInterfaceOrientationPortrait UIInterfaceOrientationPortraitUpsideDown UIInterfaceOrientationLandscapeLeft UIInterfaceOrientationLandscapeRight";
				INFOPLIST_KEY_UISupportedInterfaceOrientations_iPhone = "UIInterfaceOrientationPortrait UIInterfaceOrientationLandscapeLeft UIInterfaceOrientationLandscapeRight";
				LD_RUNPATH_SEARCH_PATHS = (
					"$(inherited)",
					"@executable_path/Frameworks",
				);
				MARKETING_VERSION = 1.0;
				PRODUCT_BUNDLE_IDENTIFIER = com.elsys.diploma.TaskManagerApplication;
				PRODUCT_NAME = "$(TARGET_NAME)";
				SWIFT_EMIT_LOC_STRINGS = YES;
				SWIFT_VERSION = 5.0;
				TARGETED_DEVICE_FAMILY = "1,2";
			};
			name = Debug;
		};
		024EDCDD2764C8FB00B73D98 /* Release */ = {
			isa = XCBuildConfiguration;
			buildSettings = {
				ASSETCATALOG_COMPILER_APPICON_NAME = AppIcon;
				ASSETCATALOG_COMPILER_GLOBAL_ACCENT_COLOR_NAME = AccentColor;
				CODE_SIGN_STYLE = Automatic;
				CURRENT_PROJECT_VERSION = 1;
				DEVELOPMENT_TEAM = 49GAB9URB7;
				GENERATE_INFOPLIST_FILE = YES;
				INFOPLIST_FILE = TaskManagerApplication/Info.plist;
				INFOPLIST_KEY_UIApplicationSupportsIndirectInputEvents = YES;
				INFOPLIST_KEY_UILaunchStoryboardName = LaunchScreen;
				INFOPLIST_KEY_UIMainStoryboardFile = Main;
				INFOPLIST_KEY_UIRequiresFullScreen = NO;
				INFOPLIST_KEY_UISupportedInterfaceOrientations = UIInterfaceOrientationPortrait;
				INFOPLIST_KEY_UISupportedInterfaceOrientations_iPad = "UIInterfaceOrientationPortrait UIInterfaceOrientationPortraitUpsideDown UIInterfaceOrientationLandscapeLeft UIInterfaceOrientationLandscapeRight";
				INFOPLIST_KEY_UISupportedInterfaceOrientations_iPhone = "UIInterfaceOrientationPortrait UIInterfaceOrientationLandscapeLeft UIInterfaceOrientationLandscapeRight";
				LD_RUNPATH_SEARCH_PATHS = (
					"$(inherited)",
					"@executable_path/Frameworks",
				);
				MARKETING_VERSION = 1.0;
				PRODUCT_BUNDLE_IDENTIFIER = com.elsys.diploma.TaskManagerApplication;
				PRODUCT_NAME = "$(TARGET_NAME)";
				SWIFT_EMIT_LOC_STRINGS = YES;
				SWIFT_VERSION = 5.0;
				TARGETED_DEVICE_FAMILY = "1,2";
			};
			name = Release;
		};
/* End XCBuildConfiguration section */

/* Begin XCConfigurationList section */
		024EDCC22764C8F900B73D98 /* Build configuration list for PBXProject "TaskManagerApplication" */ = {
			isa = XCConfigurationList;
			buildConfigurations = (
				024EDCD92764C8FB00B73D98 /* Debug */,
				024EDCDA2764C8FB00B73D98 /* Release */,
			);
			defaultConfigurationIsVisible = 0;
			defaultConfigurationName = Release;
		};
		024EDCDB2764C8FB00B73D98 /* Build configuration list for PBXNativeTarget "TaskManagerApplication" */ = {
			isa = XCConfigurationList;
			buildConfigurations = (
				024EDCDC2764C8FB00B73D98 /* Debug */,
				024EDCDD2764C8FB00B73D98 /* Release */,
			);
			defaultConfigurationIsVisible = 0;
			defaultConfigurationName = Release;
		};
/* End XCConfigurationList section */

/* Begin XCRemoteSwiftPackageReference section */
		020A52EE276B3C1700257A6C /* XCRemoteSwiftPackageReference "GoogleSignIn-iOS" */ = {
			isa = XCRemoteSwiftPackageReference;
			repositoryURL = "https://github.com/google/GoogleSignIn-iOS";
			requirement = {
				kind = upToNextMajorVersion;
				minimumVersion = 6.0.0;
			};
		};
		024EDCE02764C8FB00B73D98 /* XCRemoteSwiftPackageReference "firebase-ios-sdk" */ = {
			isa = XCRemoteSwiftPackageReference;
			repositoryURL = "https://github.com/firebase/firebase-ios-sdk";
			requirement = {
				kind = upToNextMajorVersion;
				minimumVersion = 8.0.0;
			};
		};
		02C5BA7F279F26620091DDD4 /* XCRemoteSwiftPackageReference "realm-swift" */ = {
			isa = XCRemoteSwiftPackageReference;
			repositoryURL = "https://github.com/realm/realm-swift.git";
			requirement = {
				kind = upToNextMajorVersion;
				minimumVersion = 5.0.0;
			};
		};
/* End XCRemoteSwiftPackageReference section */

/* Begin XCSwiftPackageProductDependency section */
		020A52EF276B3C1700257A6C /* GoogleSignIn */ = {
			isa = XCSwiftPackageProductDependency;
			package = 020A52EE276B3C1700257A6C /* XCRemoteSwiftPackageReference "GoogleSignIn-iOS" */;
			productName = GoogleSignIn;
		};
		024EDCE12764C8FB00B73D98 /* FirebaseAnalytics */ = {
			isa = XCSwiftPackageProductDependency;
			package = 024EDCE02764C8FB00B73D98 /* XCRemoteSwiftPackageReference "firebase-ios-sdk" */;
			productName = FirebaseAnalytics;
		};
		024EDCE32764C8FB00B73D98 /* FirebaseAnalyticsSwift-Beta */ = {
			isa = XCSwiftPackageProductDependency;
			package = 024EDCE02764C8FB00B73D98 /* XCRemoteSwiftPackageReference "firebase-ios-sdk" */;
			productName = "FirebaseAnalyticsSwift-Beta";
		};
		024EDCE52764C8FB00B73D98 /* FirebaseAnalyticsWithoutAdIdSupport */ = {
			isa = XCSwiftPackageProductDependency;
			package = 024EDCE02764C8FB00B73D98 /* XCRemoteSwiftPackageReference "firebase-ios-sdk" */;
			productName = FirebaseAnalyticsWithoutAdIdSupport;
		};
		024EDCE72764C8FB00B73D98 /* FirebaseAppCheck */ = {
			isa = XCSwiftPackageProductDependency;
			package = 024EDCE02764C8FB00B73D98 /* XCRemoteSwiftPackageReference "firebase-ios-sdk" */;
			productName = FirebaseAppCheck;
		};
		024EDCE92764C8FB00B73D98 /* FirebaseAppDistribution-Beta */ = {
			isa = XCSwiftPackageProductDependency;
			package = 024EDCE02764C8FB00B73D98 /* XCRemoteSwiftPackageReference "firebase-ios-sdk" */;
			productName = "FirebaseAppDistribution-Beta";
		};
		024EDCEB2764C8FB00B73D98 /* FirebaseAuth */ = {
			isa = XCSwiftPackageProductDependency;
			package = 024EDCE02764C8FB00B73D98 /* XCRemoteSwiftPackageReference "firebase-ios-sdk" */;
			productName = FirebaseAuth;
		};
		024EDCED2764C8FB00B73D98 /* FirebaseAuthCombine-Community */ = {
			isa = XCSwiftPackageProductDependency;
			package = 024EDCE02764C8FB00B73D98 /* XCRemoteSwiftPackageReference "firebase-ios-sdk" */;
			productName = "FirebaseAuthCombine-Community";
		};
		024EDCEF2764C8FB00B73D98 /* FirebaseCrashlytics */ = {
			isa = XCSwiftPackageProductDependency;
			package = 024EDCE02764C8FB00B73D98 /* XCRemoteSwiftPackageReference "firebase-ios-sdk" */;
			productName = FirebaseCrashlytics;
		};
		024EDCF12764C8FB00B73D98 /* FirebaseDatabase */ = {
			isa = XCSwiftPackageProductDependency;
			package = 024EDCE02764C8FB00B73D98 /* XCRemoteSwiftPackageReference "firebase-ios-sdk" */;
			productName = FirebaseDatabase;
		};
		024EDCF32764C8FB00B73D98 /* FirebaseDatabaseSwift-Beta */ = {
			isa = XCSwiftPackageProductDependency;
			package = 024EDCE02764C8FB00B73D98 /* XCRemoteSwiftPackageReference "firebase-ios-sdk" */;
			productName = "FirebaseDatabaseSwift-Beta";
		};
		024EDCF52764C8FB00B73D98 /* FirebaseDynamicLinks */ = {
			isa = XCSwiftPackageProductDependency;
			package = 024EDCE02764C8FB00B73D98 /* XCRemoteSwiftPackageReference "firebase-ios-sdk" */;
			productName = FirebaseDynamicLinks;
		};
		024EDCF72764C8FB00B73D98 /* FirebaseFirestore */ = {
			isa = XCSwiftPackageProductDependency;
			package = 024EDCE02764C8FB00B73D98 /* XCRemoteSwiftPackageReference "firebase-ios-sdk" */;
			productName = FirebaseFirestore;
		};
		024EDCF92764C8FB00B73D98 /* FirebaseFirestoreCombine-Community */ = {
			isa = XCSwiftPackageProductDependency;
			package = 024EDCE02764C8FB00B73D98 /* XCRemoteSwiftPackageReference "firebase-ios-sdk" */;
			productName = "FirebaseFirestoreCombine-Community";
		};
		024EDCFB2764C8FB00B73D98 /* FirebaseFirestoreSwift-Beta */ = {
			isa = XCSwiftPackageProductDependency;
			package = 024EDCE02764C8FB00B73D98 /* XCRemoteSwiftPackageReference "firebase-ios-sdk" */;
			productName = "FirebaseFirestoreSwift-Beta";
		};
		024EDCFD2764C8FB00B73D98 /* FirebaseFunctions */ = {
			isa = XCSwiftPackageProductDependency;
			package = 024EDCE02764C8FB00B73D98 /* XCRemoteSwiftPackageReference "firebase-ios-sdk" */;
			productName = FirebaseFunctions;
		};
		024EDCFF2764C8FB00B73D98 /* FirebaseFunctionsCombine-Community */ = {
			isa = XCSwiftPackageProductDependency;
			package = 024EDCE02764C8FB00B73D98 /* XCRemoteSwiftPackageReference "firebase-ios-sdk" */;
			productName = "FirebaseFunctionsCombine-Community";
		};
		024EDD012764C8FB00B73D98 /* FirebaseInAppMessaging-Beta */ = {
			isa = XCSwiftPackageProductDependency;
			package = 024EDCE02764C8FB00B73D98 /* XCRemoteSwiftPackageReference "firebase-ios-sdk" */;
			productName = "FirebaseInAppMessaging-Beta";
		};
		024EDD032764C8FB00B73D98 /* FirebaseInAppMessagingSwift-Beta */ = {
			isa = XCSwiftPackageProductDependency;
			package = 024EDCE02764C8FB00B73D98 /* XCRemoteSwiftPackageReference "firebase-ios-sdk" */;
			productName = "FirebaseInAppMessagingSwift-Beta";
		};
		024EDD052764C8FB00B73D98 /* FirebaseInstallations */ = {
			isa = XCSwiftPackageProductDependency;
			package = 024EDCE02764C8FB00B73D98 /* XCRemoteSwiftPackageReference "firebase-ios-sdk" */;
			productName = FirebaseInstallations;
		};
		024EDD072764C8FB00B73D98 /* FirebaseMLModelDownloader */ = {
			isa = XCSwiftPackageProductDependency;
			package = 024EDCE02764C8FB00B73D98 /* XCRemoteSwiftPackageReference "firebase-ios-sdk" */;
			productName = FirebaseMLModelDownloader;
		};
		024EDD092764C8FB00B73D98 /* FirebaseMessaging */ = {
			isa = XCSwiftPackageProductDependency;
			package = 024EDCE02764C8FB00B73D98 /* XCRemoteSwiftPackageReference "firebase-ios-sdk" */;
			productName = FirebaseMessaging;
		};
		024EDD0B2764C8FB00B73D98 /* FirebasePerformance */ = {
			isa = XCSwiftPackageProductDependency;
			package = 024EDCE02764C8FB00B73D98 /* XCRemoteSwiftPackageReference "firebase-ios-sdk" */;
			productName = FirebasePerformance;
		};
		024EDD0D2764C8FB00B73D98 /* FirebaseRemoteConfig */ = {
			isa = XCSwiftPackageProductDependency;
			package = 024EDCE02764C8FB00B73D98 /* XCRemoteSwiftPackageReference "firebase-ios-sdk" */;
			productName = FirebaseRemoteConfig;
		};
		024EDD0F2764C8FB00B73D98 /* FirebaseStorage */ = {
			isa = XCSwiftPackageProductDependency;
			package = 024EDCE02764C8FB00B73D98 /* XCRemoteSwiftPackageReference "firebase-ios-sdk" */;
			productName = FirebaseStorage;
		};
		024EDD112764C8FB00B73D98 /* FirebaseStorageCombine-Community */ = {
			isa = XCSwiftPackageProductDependency;
			package = 024EDCE02764C8FB00B73D98 /* XCRemoteSwiftPackageReference "firebase-ios-sdk" */;
			productName = "FirebaseStorageCombine-Community";
		};
		024EDD132764C8FB00B73D98 /* FirebaseStorageSwift-Beta */ = {
			isa = XCSwiftPackageProductDependency;
			package = 024EDCE02764C8FB00B73D98 /* XCRemoteSwiftPackageReference "firebase-ios-sdk" */;
			productName = "FirebaseStorageSwift-Beta";
		};
		02C5BA80279F26630091DDD4 /* RealmSwift */ = {
			isa = XCSwiftPackageProductDependency;
			package = 02C5BA7F279F26620091DDD4 /* XCRemoteSwiftPackageReference "realm-swift" */;
			productName = RealmSwift;
		};
/* End XCSwiftPackageProductDependency section */
	};
	rootObject = 024EDCBF2764C8F900B73D98 /* Project object */;
}
